
Microsoft Visual Studio Solution File, Format Version 12.00
# Visual Studio Version 16
VisualStudioVersion = 16.0.32106.194
MinimumVisualStudioVersion = 10.0.40219.1
Project("{FAE04EC0-301F-11D3-BF4B-00C04F79EFBC}") = "DisparoEmail", "DisparoEmail\DisparoEmail.csproj", "{2B08665D-5B0B-405F-8EF7-5DEB36742CDD}"
EndProject
Project("{FAE04EC0-301F-11D3-BF4B-00C04F79EFBC}") = "EmailDisparoAPI", "EmailDisparoAPI\EmailDisparoAPI.csproj", "{E1DB2850-13B4-4193-B257-CBA61369E09F}"
EndProject
Global
	GlobalSection(SolutionConfigurationPlatforms) = preSolution
		Debug|Any CPU = Debug|Any CPU
		Release|Any CPU = Release|Any CPU
	EndGlobalSection
	GlobalSection(ProjectConfigurationPlatforms) = postSolution
		{2B08665D-5B0B-405F-8EF7-5DEB36742CDD}.Debug|Any CPU.ActiveCfg = Debug|Any CPU
		{2B08665D-5B0B-405F-8EF7-5DEB36742CDD}.Debug|Any CPU.Build.0 = Debug|Any CPU
		{2B08665D-5B0B-405F-8EF7-5DEB36742CDD}.Release|Any CPU.ActiveCfg = Release|Any CPU
		{2B08665D-5B0B-405F-8EF7-5DEB36742CDD}.Release|Any CPU.Build.0 = Release|Any CPU
		{E1DB2850-13B4-4193-B257-CBA61369E09F}.Debug|Any CPU.ActiveCfg = Debug|Any CPU
		{E1DB2850-13B4-4193-B257-CBA61369E09F}.Debug|Any CPU.Build.0 = Debug|Any CPU
		{E1DB2850-13B4-4193-B257-CBA61369E09F}.Release|Any CPU.ActiveCfg = Release|Any CPU
		{E1DB2850-13B4-4193-B257-CBA61369E09F}.Release|Any CPU.Build.0 = Release|Any CPU
	EndGlobalSection
	GlobalSection(SolutionProperties) = preSolution
		HideSolutionNode = FALSE
	EndGlobalSection
	GlobalSection(ExtensibilityGlobals) = postSolution
		SolutionGuid = {23B0C3D2-C751-47FE-9F65-B497863D0C4F}
	EndGlobalSection
EndGlobal
